
Microsoft Visual Studio Solution File, Format Version 12.00
# Visual Studio Version 17
VisualStudioVersion = 17.9.34728.123
MinimumVisualStudioVersion = 10.0.40219.1
Project("{9A19103F-16F7-4668-BE54-9A1E7A4F7556}") = "TillBuddy.Models", "src\TillBuddy.Models\TillBuddy.Models.csproj", "{9EB0DA45-797E-454F-B950-71E86F5393F9}"
EndProject
Global
	GlobalSection(SolutionConfigurationPlatforms) = preSolution
		Debug|Any CPU = Debug|Any CPU
		Release|Any CPU = Release|Any CPU
	EndGlobalSection
	GlobalSection(ProjectConfigurationPlatforms) = postSolution
		{9EB0DA45-797E-454F-B950-71E86F5393F9}.Debug|Any CPU.ActiveCfg = Debug|Any CPU
		{9EB0DA45-797E-454F-B950-71E86F5393F9}.Debug|Any CPU.Build.0 = Debug|Any CPU
		{9EB0DA45-797E-454F-B950-71E86F5393F9}.Release|Any CPU.ActiveCfg = Release|Any CPU
		{9EB0DA45-797E-454F-B950-71E86F5393F9}.Release|Any CPU.Build.0 = Release|Any CPU
	EndGlobalSection
	GlobalSection(SolutionProperties) = preSolution
		HideSolutionNode = FALSE
	EndGlobalSection
	GlobalSection(ExtensibilityGlobals) = postSolution
		SolutionGuid = {D1DEDC38-DDFC-400D-8BB2-B7A6B2146146}
	EndGlobalSection
EndGlobal
